
Microsoft Visual Studio Solution File, Format Version 12.00
Project("{FAE04EC0-301F-11D3-BF4B-00C04F79EFBC}") = "Exercice1145", "Exercice1145.csproj", "{4ED4BC9D-823A-4A4E-B753-E02339B84229}"
EndProject
Global
	GlobalSection(SolutionConfigurationPlatforms) = preSolution
		Debug|Any CPU = Debug|Any CPU
		Release|Any CPU = Release|Any CPU
	EndGlobalSection
	GlobalSection(ProjectConfigurationPlatforms) = postSolution
		{4ED4BC9D-823A-4A4E-B753-E02339B84229}.Debug|Any CPU.ActiveCfg = Debug|Any CPU
		{4ED4BC9D-823A-4A4E-B753-E02339B84229}.Debug|Any CPU.Build.0 = Debug|Any CPU
		{4ED4BC9D-823A-4A4E-B753-E02339B84229}.Release|Any CPU.ActiveCfg = Release|Any CPU
		{4ED4BC9D-823A-4A4E-B753-E02339B84229}.Release|Any CPU.Build.0 = Release|Any CPU
	EndGlobalSection
EndGlobal
