
Microsoft Visual Studio Solution File, Format Version 12.00
# Visual Studio Version 17
VisualStudioVersion = 17.8.34330.188
MinimumVisualStudioVersion = 10.0.40219.1
Project("{FAE04EC0-301F-11D3-BF4B-00C04F79EFBC}") = "Teste", "Teste.csproj", "{3573E2C1-7E12-401D-B332-C546553DD98A}"
EndProject
Global
	GlobalSection(SolutionConfigurationPlatforms) = preSolution
		Debug|Any CPU = Debug|Any CPU
		Release|Any CPU = Release|Any CPU
	EndGlobalSection
	GlobalSection(ProjectConfigurationPlatforms) = postSolution
		{3573E2C1-7E12-401D-B332-C546553DD98A}.Debug|Any CPU.ActiveCfg = Debug|Any CPU
		{3573E2C1-7E12-401D-B332-C546553DD98A}.Debug|Any CPU.Build.0 = Debug|Any CPU
		{3573E2C1-7E12-401D-B332-C546553DD98A}.Release|Any CPU.ActiveCfg = Release|Any CPU
		{3573E2C1-7E12-401D-B332-C546553DD98A}.Release|Any CPU.Build.0 = Release|Any CPU
	EndGlobalSection
	GlobalSection(SolutionProperties) = preSolution
		HideSolutionNode = FALSE
	EndGlobalSection
	GlobalSection(ExtensibilityGlobals) = postSolution
		SolutionGuid = {036F52C3-75AE-4F7F-9608-C705ECA6B528}
	EndGlobalSection
EndGlobal
